
Microsoft Visual Studio Solution File, Format Version 12.00
# Visual Studio Version 16
VisualStudioVersion = 16.0.30114.105
MinimumVisualStudioVersion = 10.0.40219.1
Project("{FAE04EC0-301F-11D3-BF4B-00C04F79EFBC}") = "Almostengr.FalconPiTwitter.Common", "Almostengr.FalconPiTwitter.Common\Almostengr.FalconPiTwitter.Common.csproj", "{A7AD7D6A-DB06-4582-AA2F-8337A03BF1F7}"
EndProject
Project("{FAE04EC0-301F-11D3-BF4B-00C04F79EFBC}") = "Almostengr.FalconPiTwitter.Worker", "Almostengr.FalconPiTwitter.Worker\Almostengr.FalconPiTwitter.Worker.csproj", "{D4E9DC0D-F9FB-40C8-B88B-AB7A6791EE67}"
EndProject
Global
	GlobalSection(SolutionConfigurationPlatforms) = preSolution
		Debug|Any CPU = Debug|Any CPU
		Release|Any CPU = Release|Any CPU
	EndGlobalSection
	GlobalSection(SolutionProperties) = preSolution
		HideSolutionNode = FALSE
	EndGlobalSection
	GlobalSection(ProjectConfigurationPlatforms) = postSolution
		{A7AD7D6A-DB06-4582-AA2F-8337A03BF1F7}.Debug|Any CPU.ActiveCfg = Debug|Any CPU
		{A7AD7D6A-DB06-4582-AA2F-8337A03BF1F7}.Debug|Any CPU.Build.0 = Debug|Any CPU
		{A7AD7D6A-DB06-4582-AA2F-8337A03BF1F7}.Release|Any CPU.ActiveCfg = Release|Any CPU
		{A7AD7D6A-DB06-4582-AA2F-8337A03BF1F7}.Release|Any CPU.Build.0 = Release|Any CPU
		{D4E9DC0D-F9FB-40C8-B88B-AB7A6791EE67}.Debug|Any CPU.ActiveCfg = Debug|Any CPU
		{D4E9DC0D-F9FB-40C8-B88B-AB7A6791EE67}.Debug|Any CPU.Build.0 = Debug|Any CPU
		{D4E9DC0D-F9FB-40C8-B88B-AB7A6791EE67}.Release|Any CPU.ActiveCfg = Release|Any CPU
		{D4E9DC0D-F9FB-40C8-B88B-AB7A6791EE67}.Release|Any CPU.Build.0 = Release|Any CPU
	EndGlobalSection
EndGlobal
