Microsoft Visual Studio Solution File, Format Version 12.00
# Visual Studio Version 17
VisualStudioVersion = 17.5.2.0
MinimumVisualStudioVersion = 10.0.40219.1
Project("{FAE04EC0-301F-11D3-BF4B-00C04F79EFBC}") = "Almostengr.HpLightShow.WebApi", "Almostengr.HpLightShow.WebApi.csproj", "{1B67FEB8-C65D-DA28-3C6A-3B5E3EFA8BC5}"
EndProject
Global
	GlobalSection(SolutionConfigurationPlatforms) = preSolution
		Debug|Any CPU = Debug|Any CPU
		Release|Any CPU = Release|Any CPU
	EndGlobalSection
	GlobalSection(ProjectConfigurationPlatforms) = postSolution
		{1B67FEB8-C65D-DA28-3C6A-3B5E3EFA8BC5}.Debug|Any CPU.ActiveCfg = Debug|Any CPU
		{1B67FEB8-C65D-DA28-3C6A-3B5E3EFA8BC5}.Debug|Any CPU.Build.0 = Debug|Any CPU
		{1B67FEB8-C65D-DA28-3C6A-3B5E3EFA8BC5}.Release|Any CPU.ActiveCfg = Release|Any CPU
		{1B67FEB8-C65D-DA28-3C6A-3B5E3EFA8BC5}.Release|Any CPU.Build.0 = Release|Any CPU
	EndGlobalSection
	GlobalSection(SolutionProperties) = preSolution
		HideSolutionNode = FALSE
	EndGlobalSection
	GlobalSection(ExtensibilityGlobals) = postSolution
		SolutionGuid = {73E8F5DD-DD04-4950-8A8C-743FEF1F5992}
	EndGlobalSection
EndGlobal
