
Microsoft Visual Studio Solution File, Format Version 12.00
# Visual Studio Version 17
VisualStudioVersion = 17.0.31903.59
MinimumVisualStudioVersion = 10.0.40219.1
Project("{FAE04EC0-301F-11D3-BF4B-00C04F79EFBC}") = "Almostengr.Extensions", "Almostengr.Extensions\Almostengr.Extensions.csproj", "{84216686-ECD0-452D-80C7-375966B4A2C7}"
EndProject
Project("{FAE04EC0-301F-11D3-BF4B-00C04F79EFBC}") = "Almostengr.LightShowExtender.Worker", "Almostengr.LightShowExtender.Worker\Almostengr.LightShowExtender.Worker.csproj", "{9330D9E7-CD22-433E-B50F-8747B3433737}"
EndProject
Project("{FAE04EC0-301F-11D3-BF4B-00C04F79EFBC}") = "Almostengr.FalconPiPlayer", "Almostengr.FalconPiPlayer\Almostengr.FalconPiPlayer.csproj", "{BDD32905-9569-4E7E-AB95-9039E8792679}"
EndProject
Project("{FAE04EC0-301F-11D3-BF4B-00C04F79EFBC}") = "Almostengr.HomeAssistant", "Almostengr.HomeAssistant\Almostengr.HomeAssistant.csproj", "{D1DC3F63-FAC7-462E-AD9A-A547AFB59DA6}"
EndProject
Project("{FAE04EC0-301F-11D3-BF4B-00C04F79EFBC}") = "Almostengr.NationalWeatherService", "Almostengr.NationalWeatherService\Almostengr.NationalWeatherService.csproj", "{E57C1E63-C8E9-4B10-A8B8-A946B658D870}"
EndProject
Project("{FAE04EC0-301F-11D3-BF4B-00C04F79EFBC}") = "Almostengr.Wled", "Almostengr.Wled\Almostengr.Wled.csproj", "{7BFCE302-1515-48D0-8EFE-76E6DA4399D6}"
EndProject
Global
	GlobalSection(SolutionConfigurationPlatforms) = preSolution
		Debug|Any CPU = Debug|Any CPU
		Release|Any CPU = Release|Any CPU
	EndGlobalSection
	GlobalSection(SolutionProperties) = preSolution
		HideSolutionNode = FALSE
	EndGlobalSection
	GlobalSection(ProjectConfigurationPlatforms) = postSolution
		{84216686-ECD0-452D-80C7-375966B4A2C7}.Debug|Any CPU.ActiveCfg = Debug|Any CPU
		{84216686-ECD0-452D-80C7-375966B4A2C7}.Debug|Any CPU.Build.0 = Debug|Any CPU
		{84216686-ECD0-452D-80C7-375966B4A2C7}.Release|Any CPU.ActiveCfg = Release|Any CPU
		{84216686-ECD0-452D-80C7-375966B4A2C7}.Release|Any CPU.Build.0 = Release|Any CPU
		{9330D9E7-CD22-433E-B50F-8747B3433737}.Debug|Any CPU.ActiveCfg = Debug|Any CPU
		{9330D9E7-CD22-433E-B50F-8747B3433737}.Debug|Any CPU.Build.0 = Debug|Any CPU
		{9330D9E7-CD22-433E-B50F-8747B3433737}.Release|Any CPU.ActiveCfg = Release|Any CPU
		{9330D9E7-CD22-433E-B50F-8747B3433737}.Release|Any CPU.Build.0 = Release|Any CPU
		{BDD32905-9569-4E7E-AB95-9039E8792679}.Debug|Any CPU.ActiveCfg = Debug|Any CPU
		{BDD32905-9569-4E7E-AB95-9039E8792679}.Debug|Any CPU.Build.0 = Debug|Any CPU
		{BDD32905-9569-4E7E-AB95-9039E8792679}.Release|Any CPU.ActiveCfg = Release|Any CPU
		{BDD32905-9569-4E7E-AB95-9039E8792679}.Release|Any CPU.Build.0 = Release|Any CPU
		{D1DC3F63-FAC7-462E-AD9A-A547AFB59DA6}.Debug|Any CPU.ActiveCfg = Debug|Any CPU
		{D1DC3F63-FAC7-462E-AD9A-A547AFB59DA6}.Debug|Any CPU.Build.0 = Debug|Any CPU
		{D1DC3F63-FAC7-462E-AD9A-A547AFB59DA6}.Release|Any CPU.ActiveCfg = Release|Any CPU
		{D1DC3F63-FAC7-462E-AD9A-A547AFB59DA6}.Release|Any CPU.Build.0 = Release|Any CPU
		{E57C1E63-C8E9-4B10-A8B8-A946B658D870}.Debug|Any CPU.ActiveCfg = Debug|Any CPU
		{E57C1E63-C8E9-4B10-A8B8-A946B658D870}.Debug|Any CPU.Build.0 = Debug|Any CPU
		{E57C1E63-C8E9-4B10-A8B8-A946B658D870}.Release|Any CPU.ActiveCfg = Release|Any CPU
		{E57C1E63-C8E9-4B10-A8B8-A946B658D870}.Release|Any CPU.Build.0 = Release|Any CPU
		{7BFCE302-1515-48D0-8EFE-76E6DA4399D6}.Debug|Any CPU.ActiveCfg = Debug|Any CPU
		{7BFCE302-1515-48D0-8EFE-76E6DA4399D6}.Debug|Any CPU.Build.0 = Debug|Any CPU
		{7BFCE302-1515-48D0-8EFE-76E6DA4399D6}.Release|Any CPU.ActiveCfg = Release|Any CPU
		{7BFCE302-1515-48D0-8EFE-76E6DA4399D6}.Release|Any CPU.Build.0 = Release|Any CPU
	EndGlobalSection
EndGlobal
