
Microsoft Visual Studio Solution File, Format Version 12.00
# Visual Studio Version 17
VisualStudioVersion = 17.0.31903.59
MinimumVisualStudioVersion = 10.0.40219.1
Project("{FAE04EC0-301F-11D3-BF4B-00C04F79EFBC}") = "Almostengr.FalconPiPlayer", "Almostengr.FalconPiPlayer\Almostengr.FalconPiPlayer.csproj", "{62367D0C-C5E4-4050-BED6-2AE2897C3C1A}"
EndProject
Project("{FAE04EC0-301F-11D3-BF4B-00C04F79EFBC}") = "Almostengr.HpLightShow.Core", "Almostengr.HpLightShow.Core\Almostengr.HpLightShow.Core.csproj", "{4FB4C5CA-07FC-41C3-8175-BD4B25B79AFB}"
EndProject
Project("{FAE04EC0-301F-11D3-BF4B-00C04F79EFBC}") = "Almostengr.HpLightShow.Core.Tests", "Almostengr.HpLightShow.Core.Tests\Almostengr.HpLightShow.Core.Tests.csproj", "{994446BD-89BA-46BF-B954-A75C25326809}"
EndProject
Project("{FAE04EC0-301F-11D3-BF4B-00C04F79EFBC}") = "Almostengr.HpLightShow.Worker", "Almostengr.HpLightShow.Worker\Almostengr.HpLightShow.Worker.csproj", "{5923846B-8A55-4F88-BFB5-6E5737A4F7C6}"
EndProject
Global
	GlobalSection(SolutionConfigurationPlatforms) = preSolution
		Debug|Any CPU = Debug|Any CPU
		Release|Any CPU = Release|Any CPU
	EndGlobalSection
	GlobalSection(SolutionProperties) = preSolution
		HideSolutionNode = FALSE
	EndGlobalSection
	GlobalSection(ProjectConfigurationPlatforms) = postSolution
		{62367D0C-C5E4-4050-BED6-2AE2897C3C1A}.Debug|Any CPU.ActiveCfg = Debug|Any CPU
		{62367D0C-C5E4-4050-BED6-2AE2897C3C1A}.Debug|Any CPU.Build.0 = Debug|Any CPU
		{62367D0C-C5E4-4050-BED6-2AE2897C3C1A}.Release|Any CPU.ActiveCfg = Release|Any CPU
		{62367D0C-C5E4-4050-BED6-2AE2897C3C1A}.Release|Any CPU.Build.0 = Release|Any CPU
		{4FB4C5CA-07FC-41C3-8175-BD4B25B79AFB}.Debug|Any CPU.ActiveCfg = Debug|Any CPU
		{4FB4C5CA-07FC-41C3-8175-BD4B25B79AFB}.Debug|Any CPU.Build.0 = Debug|Any CPU
		{4FB4C5CA-07FC-41C3-8175-BD4B25B79AFB}.Release|Any CPU.ActiveCfg = Release|Any CPU
		{4FB4C5CA-07FC-41C3-8175-BD4B25B79AFB}.Release|Any CPU.Build.0 = Release|Any CPU
		{994446BD-89BA-46BF-B954-A75C25326809}.Debug|Any CPU.ActiveCfg = Debug|Any CPU
		{994446BD-89BA-46BF-B954-A75C25326809}.Debug|Any CPU.Build.0 = Debug|Any CPU
		{994446BD-89BA-46BF-B954-A75C25326809}.Release|Any CPU.ActiveCfg = Release|Any CPU
		{994446BD-89BA-46BF-B954-A75C25326809}.Release|Any CPU.Build.0 = Release|Any CPU
		{5923846B-8A55-4F88-BFB5-6E5737A4F7C6}.Debug|Any CPU.ActiveCfg = Debug|Any CPU
		{5923846B-8A55-4F88-BFB5-6E5737A4F7C6}.Debug|Any CPU.Build.0 = Debug|Any CPU
		{5923846B-8A55-4F88-BFB5-6E5737A4F7C6}.Release|Any CPU.ActiveCfg = Release|Any CPU
		{5923846B-8A55-4F88-BFB5-6E5737A4F7C6}.Release|Any CPU.Build.0 = Release|Any CPU
	EndGlobalSection
EndGlobal
